Microsoft Visual Studio Solution File, Format Version 12.00
# Visual Studio Version 17
VisualStudioVersion = 17.5.2.0
MinimumVisualStudioVersion = 10.0.40219.1
Project("{FAE04EC0-301F-11D3-BF4B-00C04F79EFBC}") = "GeometricGuru", "GeometricGuru.csproj", "{78D7E7D5-65ED-2532-0A38-2C269FE2AFD8}"
EndProject
Global
	GlobalSection(SolutionConfigurationPlatforms) = preSolution
		Debug|Any CPU = Debug|Any CPU
		Release|Any CPU = Release|Any CPU
	EndGlobalSection
	GlobalSection(ProjectConfigurationPlatforms) = postSolution
		{78D7E7D5-65ED-2532-0A38-2C269FE2AFD8}.Debug|Any CPU.ActiveCfg = Debug|Any CPU
		{78D7E7D5-65ED-2532-0A38-2C269FE2AFD8}.Debug|Any CPU.Build.0 = Debug|Any CPU
		{78D7E7D5-65ED-2532-0A38-2C269FE2AFD8}.Release|Any CPU.ActiveCfg = Release|Any CPU
		{78D7E7D5-65ED-2532-0A38-2C269FE2AFD8}.Release|Any CPU.Build.0 = Release|Any CPU
	EndGlobalSection
	GlobalSection(SolutionProperties) = preSolution
		HideSolutionNode = FALSE
	EndGlobalSection
	GlobalSection(ExtensibilityGlobals) = postSolution
		SolutionGuid = {30A39AAD-AF59-44FA-8F1B-5A44008C36A6}
	EndGlobalSection
EndGlobal
